// !$*UTF8*$!
{
	archiveVersion = 1;
	classes = {
	};
	objectVersion = 56;
	objects = {

/* Begin PBXBuildFile section */
		2A16CA8828D88BB6005EC47F /* AppDelegate.m in Sources */ = {isa = PBXBuildFile; fileRef = 2A16CA8728D88BB6005EC47F /* AppDelegate.m */; };
		2A16CA8B28D88BB6005EC47F /* SceneDelegate.m in Sources */ = {isa = PBXBuildFile; fileRef = 2A16CA8A28D88BB6005EC47F /* SceneDelegate.m */; };
		2A16CA8E28D88BB6005EC47F /* ViewController.m in Sources */ = {isa = PBXBuildFile; fileRef = 2A16CA8D28D88BB6005EC47F /* ViewController.m */; };
		2A16CA9128D88BB6005EC47F /* Main.storyboard in Resources */ = {isa = PBXBuildFile; fileRef = 2A16CA8F28D88BB6005EC47F /* Main.storyboard */; };
		2A16CA9328D88BB8005EC47F /* Assets.xcassets in Resources */ = {isa = PBXBuildFile; fileRef = 2A16CA9228D88BB8005EC47F /* Assets.xcassets */; };
		2A16CA9628D88BB8005EC47F /* LaunchScreen.storyboard in Resources */ = {isa = PBXBuildFile; fileRef = 2A16CA9428D88BB8005EC47F /* LaunchScreen.storyboard */; };
		2A16CA9928D88BB8005EC47F /* main.m in Sources */ = {isa = PBXBuildFile; fileRef = 2A16CA9828D88BB8005EC47F /* main.m */; };
		2A16CAA328D88BB8005EC47F /* iOS__KVC__Tests.m in Sources */ = {isa = PBXBuildFile; fileRef = 2A16CAA228D88BB8005EC47F /* iOS__KVC__Tests.m */; };
		2A16CAAD28D88BB8005EC47F /* iOS__KVC__UITests.m in Sources */ = {isa = PBXBuildFile; fileRef = 2A16CAAC28D88BB8005EC47F /* iOS__KVC__UITests.m */; };
		2A16CAAF28D88BB8005EC47F /* iOS__KVC__UITestsLaunchTests.m in Sources */ = {isa = PBXBuildFile; fileRef = 2A16CAAE28D88BB8005EC47F /* iOS__KVC__UITestsLaunchTests.m */; };
		2A16CABD28D8A25A005EC47F /* Person.m in Sources */ = {isa = PBXBuildFile; fileRef = 2A16CABC28D8A25A005EC47F /* Person.m */; };
		2A16CAC028D8AC07005EC47F /* Dog.m in Sources */ = {isa = PBXBuildFile; fileRef = 2A16CABF28D8AC07005EC47F /* Dog.m */; };
		2A16CAC328D99417005EC47F /* newPerson.m in Sources */ = {isa = PBXBuildFile; fileRef = 2A16CAC228D99417005EC47F /* newPerson.m */; };
/* End PBXBuildFile section */

/* Begin PBXContainerItemProxy section */
		2A16CA9F28D88BB8005EC47F /* PBXContainerItemProxy */ = {
			isa = PBXContainerItemProxy;
			containerPortal = 2A16CA7B28D88BB6005EC47F /* Project object */;
			proxyType = 1;
			remoteGlobalIDString = 2A16CA8228D88BB6005EC47F;
			remoteInfo = "iOS- KVC模式";
		};
		2A16CAA928D88BB8005EC47F /* PBXContainerItemProxy */ = {
			isa = PBXContainerItemProxy;
			containerPortal = 2A16CA7B28D88BB6005EC47F /* Project object */;
			proxyType = 1;
			remoteGlobalIDString = 2A16CA8228D88BB6005EC47F;
			remoteInfo = "iOS- KVC模式";
		};
/* End PBXContainerItemProxy section */

/* Begin PBXFileReference section */
		2A16CA8328D88BB6005EC47F /* iOS- KVC模式.app */ = {isa = PBXFileReference; explicitFileType = wrapper.application; includeInIndex = 0; path = "iOS- KVC模式.app"; sourceTree = BUILT_PRODUCTS_DIR; };
		2A16CA8628D88BB6005EC47F /* AppDelegate.h */ = {isa = PBXFileReference; lastKnownFileType = sourcecode.c.h; path = AppDelegate.h; sourceTree = "<group>"; };
		2A16CA8728D88BB6005EC47F /* AppDelegate.m */ = {isa = PBXFileReference; lastKnownFileType = sourcecode.c.objc; path = AppDelegate.m; sourceTree = "<group>"; };
		2A16CA8928D88BB6005EC47F /* SceneDelegate.h */ = {isa = PBXFileReference; lastKnownFileType = sourcecode.c.h; path = SceneDelegate.h; sourceTree = "<group>"; };
		2A16CA8A28D88BB6005EC47F /* SceneDelegate.m */ = {isa = PBXFileReference; lastKnownFileType = sourcecode.c.objc; path = SceneDelegate.m; sourceTree = "<group>"; };
		2A16CA8C28D88BB6005EC47F /* ViewController.h */ = {isa = PBXFileReference; lastKnownFileType = sourcecode.c.h; path = ViewController.h; sourceTree = "<group>"; };
		2A16CA8D28D88BB6005EC47F /* ViewController.m */ = {isa = PBXFileReference; lastKnownFileType = sourcecode.c.objc; path = ViewController.m; sourceTree = "<group>"; };
		2A16CA9028D88BB6005EC47F /* Base */ = {isa = PBXFileReference; lastKnownFileType = file.storyboard; name = Base; path = Base.lproj/Main.storyboard; sourceTree = "<group>"; };
		2A16CA9228D88BB8005EC47F /* Assets.xcassets */ = {isa = PBXFileReference; lastKnownFileType = folder.assetcatalog; path = Assets.xcassets; sourceTree = "<group>"; };
		2A16CA9528D88BB8005EC47F /* Base */ = {isa = PBXFileReference; lastKnownFileType = file.storyboard; name = Base; path = Base.lproj/LaunchScreen.storyboard; sourceTree = "<group>"; };
		2A16CA9728D88BB8005EC47F /* Info.plist */ = {isa = PBXFileReference; lastKnownFileType = text.plist.xml; path = Info.plist; sourceTree = "<group>"; };
		2A16CA9828D88BB8005EC47F /* main.m */ = {isa = PBXFileReference; lastKnownFileType = sourcecode.c.objc; path = main.m; sourceTree = "<group>"; };
		2A16CA9E28D88BB8005EC47F /* iOS- KVC模式Tests.xctest */ = {isa = PBXFileReference; explicitFileType = wrapper.cfbundle; includeInIndex = 0; path = "iOS- KVC模式Tests.xctest"; sourceTree = BUILT_PRODUCTS_DIR; };
		2A16CAA228D88BB8005EC47F /* iOS__KVC__Tests.m */ = {isa = PBXFileReference; lastKnownFileType = sourcecode.c.objc; path = iOS__KVC__Tests.m; sourceTree = "<group>"; };
		2A16CAA828D88BB8005EC47F /* iOS- KVC模式UITests.xctest */ = {isa = PBXFileReference; explicitFileType = wrapper.cfbundle; includeInIndex = 0; path = "iOS- KVC模式UITests.xctest"; sourceTree = BUILT_PRODUCTS_DIR; };
		2A16CAAC28D88BB8005EC47F /* iOS__KVC__UITests.m */ = {isa = PBXFileReference; lastKnownFileType = sourcecode.c.objc; path = iOS__KVC__UITests.m; sourceTree = "<group>"; };
		2A16CAAE28D88BB8005EC47F /* iOS__KVC__UITestsLaunchTests.m */ = {isa = PBXFileReference; lastKnownFileType = sourcecode.c.objc; path = iOS__KVC__UITestsLaunchTests.m; sourceTree = "<group>"; };
		2A16CABB28D8A25A005EC47F /* Person.h */ = {isa = PBXFileReference; lastKnownFileType = sourcecode.c.h; path = Person.h; sourceTree = "<group>"; };
		2A16CABC28D8A25A005EC47F /* Person.m */ = {isa = PBXFileReference; lastKnownFileType = sourcecode.c.objc; path = Person.m; sourceTree = "<group>"; };
		2A16CABE28D8AC07005EC47F /* Dog.h */ = {isa = PBXFileReference; lastKnownFileType = sourcecode.c.h; path = Dog.h; sourceTree = "<group>"; };
		2A16CABF28D8AC07005EC47F /* Dog.m */ = {isa = PBXFileReference; lastKnownFileType = sourcecode.c.objc; path = Dog.m; sourceTree = "<group>"; };
		2A16CAC128D99417005EC47F /* newPerson.h */ = {isa = PBXFileReference; lastKnownFileType = sourcecode.c.h; path = newPerson.h; sourceTree = "<group>"; };
		2A16CAC228D99417005EC47F /* newPerson.m */ = {isa = PBXFileReference; lastKnownFileType = sourcecode.c.objc; path = newPerson.m; sourceTree = "<group>"; };
/* End PBXFileReference section */

/* Begin PBXFrameworksBuildPhase section */
		2A16CA8028D88BB6005EC47F /* Frameworks */ = {
			isa = PBXFrameworksBuildPhase;
			buildActionMask = 2147483647;
			files = (
			);
			runOnlyForDeploymentPostprocessing = 0;
		};
		2A16CA9B28D88BB8005EC47F /* Frameworks */ = {
			isa = PBXFrameworksBuildPhase;
			buildActionMask = 2147483647;
			files = (
			);
			runOnlyForDeploymentPostprocessing = 0;
		};
		2A16CAA528D88BB8005EC47F /* Frameworks */ = {
			isa = PBXFrameworksBuildPhase;
			buildActionMask = 2147483647;
			files = (
			);
			runOnlyForDeploymentPostprocessing = 0;
		};
/* End PBXFrameworksBuildPhase section */

/* Begin PBXGroup section */
		2A16CA7A28D88BB6005EC47F = {
			isa = PBXGroup;
			children = (
				2A16CA8528D88BB6005EC47F /* iOS- KVC模式 */,
				2A16CAA128D88BB8005EC47F /* iOS- KVC模式Tests */,
				2A16CAAB28D88BB8005EC47F /* iOS- KVC模式UITests */,
				2A16CA8428D88BB6005EC47F /* Products */,
			);
			sourceTree = "<group>";
		};
		2A16CA8428D88BB6005EC47F /* Products */ = {
			isa = PBXGroup;
			children = (
				2A16CA8328D88BB6005EC47F /* iOS- KVC模式.app */,
				2A16CA9E28D88BB8005EC47F /* iOS- KVC模式Tests.xctest */,
				2A16CAA828D88BB8005EC47F /* iOS- KVC模式UITests.xctest */,
			);
			name = Products;
			sourceTree = "<group>";
		};
		2A16CA8528D88BB6005EC47F /* iOS- KVC模式 */ = {
			isa = PBXGroup;
			children = (
				2A16CA8628D88BB6005EC47F /* AppDelegate.h */,
				2A16CA8728D88BB6005EC47F /* AppDelegate.m */,
				2A16CA8928D88BB6005EC47F /* SceneDelegate.h */,
				2A16CA8A28D88BB6005EC47F /* SceneDelegate.m */,
				2A16CA8C28D88BB6005EC47F /* ViewController.h */,
				2A16CA8D28D88BB6005EC47F /* ViewController.m */,
				2A16CABB28D8A25A005EC47F /* Person.h */,
				2A16CABC28D8A25A005EC47F /* Person.m */,
				2A16CABE28D8AC07005EC47F /* Dog.h */,
				2A16CABF28D8AC07005EC47F /* Dog.m */,
				2A16CAC128D99417005EC47F /* newPerson.h */,
				2A16CAC228D99417005EC47F /* newPerson.m */,
				2A16CA8F28D88BB6005EC47F /* Main.storyboard */,
				2A16CA9228D88BB8005EC47F /* Assets.xcassets */,
				2A16CA9428D88BB8005EC47F /* LaunchScreen.storyboard */,
				2A16CA9728D88BB8005EC47F /* Info.plist */,
				2A16CA9828D88BB8005EC47F /* main.m */,
			);
			path = "iOS- KVC模式";
			sourceTree = "<group>";
		};
		2A16CAA128D88BB8005EC47F /* iOS- KVC模式Tests */ = {
			isa = PBXGroup;
			children = (
				2A16CAA228D88BB8005EC47F /* iOS__KVC__Tests.m */,
			);
			path = "iOS- KVC模式Tests";
			sourceTree = "<group>";
		};
		2A16CAAB28D88BB8005EC47F /* iOS- KVC模式UITests */ = {
			isa = PBXGroup;
			children = (
				2A16CAAC28D88BB8005EC47F /* iOS__KVC__UITests.m */,
				2A16CAAE28D88BB8005EC47F /* iOS__KVC__UITestsLaunchTests.m */,
			);
			path = "iOS- KVC模式UITests";
			sourceTree = "<group>";
		};
/* End PBXGroup section */

/* Begin PBXNativeTarget section */
		2A16CA8228D88BB6005EC47F /* iOS- KVC模式 */ = {
			isa = PBXNativeTarget;
			buildConfigurationList = 2A16CAB228D88BB8005EC47F /* Build configuration list for PBXNativeTarget "iOS- KVC模式" */;
			buildPhases = (
				2A16CA7F28D88BB6005EC47F /* Sources */,
				2A16CA8028D88BB6005EC47F /* Frameworks */,
				2A16CA8128D88BB6005EC47F /* Resources */,
			);
			buildRules = (
			);
			dependencies = (
			);
			name = "iOS- KVC模式";
			productName = "iOS- KVC模式";
			productReference = 2A16CA8328D88BB6005EC47F /* iOS- KVC模式.app */;
			productType = "com.apple.product-type.application";
		};
		2A16CA9D28D88BB8005EC47F /* iOS- KVC模式Tests */ = {
			isa = PBXNativeTarget;
			buildConfigurationList = 2A16CAB528D88BB8005EC47F /* Build configuration list for PBXNativeTarget "iOS- KVC模式Tests" */;
			buildPhases = (
				2A16CA9A28D88BB8005EC47F /* Sources */,
				2A16CA9B28D88BB8005EC47F /* Frameworks */,
				2A16CA9C28D88BB8005EC47F /* Resources */,
			);
			buildRules = (
			);
			dependencies = (
				2A16CAA028D88BB8005EC47F /* PBXTargetDependency */,
			);
			name = "iOS- KVC模式Tests";
			productName = "iOS- KVC模式Tests";
			productReference = 2A16CA9E28D88BB8005EC47F /* iOS- KVC模式Tests.xctest */;
			productType = "com.apple.product-type.bundle.unit-test";
		};
		2A16CAA728D88BB8005EC47F /* iOS- KVC模式UITests */ = {
			isa = PBXNativeTarget;
			buildConfigurationList = 2A16CAB828D88BB8005EC47F /* Build configuration list for PBXNativeTarget "iOS- KVC模式UITests" */;
			buildPhases = (
				2A16CAA428D88BB8005EC47F /* Sources */,
				2A16CAA528D88BB8005EC47F /* Frameworks */,
				2A16CAA628D88BB8005EC47F /* Resources */,
			);
			buildRules = (
			);
			dependencies = (
				2A16CAAA28D88BB8005EC47F /* PBXTargetDependency */,
			);
			name = "iOS- KVC模式UITests";
			productName = "iOS- KVC模式UITests";
			productReference = 2A16CAA828D88BB8005EC47F /* iOS- KVC模式UITests.xctest */;
			productType = "com.apple.product-type.bundle.ui-testing";
		};
/* End PBXNativeTarget section */

/* Begin PBXProject section */
		2A16CA7B28D88BB6005EC47F /* Project object */ = {
			isa = PBXProject;
			attributes = {
				BuildIndependentTargetsInParallel = 1;
				LastUpgradeCheck = 1400;
				TargetAttributes = {
					2A16CA8228D88BB6005EC47F = {
						CreatedOnToolsVersion = 14.0;
					};
					2A16CA9D28D88BB8005EC47F = {
						CreatedOnToolsVersion = 14.0;
						TestTargetID = 2A16CA8228D88BB6005EC47F;
					};
					2A16CAA728D88BB8005EC47F = {
						CreatedOnToolsVersion = 14.0;
						TestTargetID = 2A16CA8228D88BB6005EC47F;
					};
				};
			};
			buildConfigurationList = 2A16CA7E28D88BB6005EC47F /* Build configuration list for PBXProject "iOS- KVC模式" */;
			compatibilityVersion = "Xcode 14.0";
			developmentRegion = en;
			hasScannedForEncodings = 0;
			knownRegions = (
				en,
				Base,
			);
			mainGroup = 2A16CA7A28D88BB6005EC47F;
			productRefGroup = 2A16CA8428D88BB6005EC47F /* Products */;
			projectDirPath = "";
			projectRoot = "";
			targets = (
				2A16CA8228D88BB6005EC47F /* iOS- KVC模式 */,
				2A16CA9D28D88BB8005EC47F /* iOS- KVC模式Tests */,
				2A16CAA728D88BB8005EC47F /* iOS- KVC模式UITests */,
			);
		};
/* End PBXProject section */

/* Begin PBXResourcesBuildPhase section */
		2A16CA8128D88BB6005EC47F /* Resources */ = {
			isa = PBXResourcesBuildPhase;
			buildActionMask = 2147483647;
			files = (
				2A16CA9628D88BB8005EC47F /* LaunchScreen.storyboard in Resources */,
				2A16CA9328D88BB8005EC47F /* Assets.xcassets in Resources */,
				2A16CA9128D88BB6005EC47F /* Main.storyboard in Resources */,
			);
			runOnlyForDeploymentPostprocessing = 0;
		};
		2A16CA9C28D88BB8005EC47F /* Resources */ = {
			isa = PBXResourcesBuildPhase;
			buildActionMask = 2147483647;
			files = (
			);
			runOnlyForDeploymentPostprocessing = 0;
		};
		2A16CAA628D88BB8005EC47F /* Resources */ = {
			isa = PBXResourcesBuildPhase;
			buildActionMask = 2147483647;
			files = (
			);
			runOnlyForDeploymentPostprocessing = 0;
		};
/* End PBXResourcesBuildPhase section */

/* Begin PBXSourcesBuildPhase section */
		2A16CA7F28D88BB6005EC47F /* Sources */ = {
			isa = PBXSourcesBuildPhase;
			buildActionMask = 2147483647;
			files = (
				2A16CAC328D99417005EC47F /* newPerson.m in Sources */,
				2A16CAC028D8AC07005EC47F /* Dog.m in Sources */,
				2A16CA8E28D88BB6005EC47F /* ViewController.m in Sources */,
				2A16CA8828D88BB6005EC47F /* AppDelegate.m in Sources */,
				2A16CABD28D8A25A005EC47F /* Person.m in Sources */,
				2A16CA9928D88BB8005EC47F /* main.m in Sources */,
				2A16CA8B28D88BB6005EC47F /* SceneDelegate.m in Sources */,
			);
			runOnlyForDeploymentPostprocessing = 0;
		};
		2A16CA9A28D88BB8005EC47F /* Sources */ = {
			isa = PBXSourcesBuildPhase;
			buildActionMask = 2147483647;
			files = (
				2A16CAA328D88BB8005EC47F /* iOS__KVC__Tests.m in Sources */,
			);
			runOnlyForDeploymentPostprocessing = 0;
		};
		2A16CAA428D88BB8005EC47F /* Sources */ = {
			isa = PBXSourcesBuildPhase;
			buildActionMask = 2147483647;
			files = (
				2A16CAAD28D88BB8005EC47F /* iOS__KVC__UITests.m in Sources */,
				2A16CAAF28D88BB8005EC47F /* iOS__KVC__UITestsLaunchTests.m in Sources */,
			);
			runOnlyForDeploymentPostprocessing = 0;
		};
/* End PBXSourcesBuildPhase section */

/* Begin PBXTargetDependency section */
		2A16CAA028D88BB8005EC47F /* PBXTargetDependency */ = {
			isa = PBXTargetDependency;
			target = 2A16CA8228D88BB6005EC47F /* iOS- KVC模式 */;
			targetProxy = 2A16CA9F28D88BB8005EC47F /* PBXContainerItemProxy */;
		};
		2A16CAAA28D88BB8005EC47F /* PBXTargetDependency */ = {
			isa = PBXTargetDependency;
			target = 2A16CA8228D88BB6005EC47F /* iOS- KVC模式 */;
			targetProxy = 2A16CAA928D88BB8005EC47F /* PBXContainerItemProxy */;
		};
/* End PBXTargetDependency section */

/* Begin PBXVariantGroup section */
		2A16CA8F28D88BB6005EC47F /* Main.storyboard */ = {
			isa = PBXVariantGroup;
			children = (
				2A16CA9028D88BB6005EC47F /* Base */,
			);
			name = Main.storyboard;
			sourceTree = "<group>";
		};
		2A16CA9428D88BB8005EC47F /* LaunchScreen.storyboard */ = {
			isa = PBXVariantGroup;
			children = (
				2A16CA9528D88BB8005EC47F /* Base */,
			);
			name = LaunchScreen.storyboard;
			sourceTree = "<group>";
		};
/* End PBXVariantGroup section */

/* Begin XCBuildConfiguration section */
		2A16CAB028D88BB8005EC47F /* Debug */ = {
			isa = XCBuildConfiguration;
			buildSettings = {
				ALWAYS_SEARCH_USER_PATHS = NO;
				CLANG_ANALYZER_NONNULL = YES;
				CLANG_ANALYZER_NUMBER_OBJECT_CONVERSION = YES_AGGRESSIVE;
				CLANG_CXX_LANGUAGE_STANDARD = "gnu++20";
				CLANG_ENABLE_MODULES = YES;
				CLANG_ENABLE_OBJC_ARC = YES;
				CLANG_ENABLE_OBJC_WEAK = YES;
				CLANG_WARN_BLOCK_CAPTURE_AUTORELEASING = YES;
				CLANG_WARN_BOOL_CONVERSION = YES;
				CLANG_WARN_COMMA = YES;
				CLANG_WARN_CONSTANT_CONVERSION = YES;
				CLANG_WARN_DEPRECATED_OBJC_IMPLEMENTATIONS = YES;
				CLANG_WARN_DIRECT_OBJC_ISA_USAGE = YES_ERROR;
				CLANG_WARN_DOCUMENTATION_COMMENTS = YES;
				CLANG_WARN_EMPTY_BODY = YES;
				CLANG_WARN_ENUM_CONVERSION = YES;
				CLANG_WARN_INFINITE_RECURSION = YES;
				CLANG_WARN_INT_CONVERSION = YES;
				CLANG_WARN_NON_LITERAL_NULL_CONVERSION = YES;
				CLANG_WARN_OBJC_IMPLICIT_RETAIN_SELF = YES;
				CLANG_WARN_OBJC_LITERAL_CONVERSION = YES;
				CLANG_WARN_OBJC_ROOT_CLASS = YES_ERROR;
				CLANG_WARN_QUOTED_INCLUDE_IN_FRAMEWORK_HEADER = YES;
				CLANG_WARN_RANGE_LOOP_ANALYSIS = YES;
				CLANG_WARN_STRICT_PROTOTYPES = YES;
				CLANG_WARN_SUSPICIOUS_MOVE = YES;
				CLANG_WARN_UNGUARDED_AVAILABILITY = YES_AGGRESSIVE;
				CLANG_WARN_UNREACHABLE_CODE = YES;
				CLANG_WARN__DUPLICATE_METHOD_MATCH = YES;
				COPY_PHASE_STRIP = NO;
				DEBUG_INFORMATION_FORMAT = dwarf;
				ENABLE_STRICT_OBJC_MSGSEND = YES;
				ENABLE_TESTABILITY = YES;
				GCC_C_LANGUAGE_STANDARD = gnu11;
				GCC_DYNAMIC_NO_PIC = NO;
				GCC_NO_COMMON_BLOCKS = YES;
				GCC_OPTIMIZATION_LEVEL = 0;
				GCC_PREPROCESSOR_DEFINITIONS = (
					"DEBUG=1",
					"$(inherited)",
				);
				GCC_WARN_64_TO_32_BIT_CONVERSION = YES;
				GCC_WARN_ABOUT_RETURN_TYPE = YES_ERROR;
				GCC_WARN_UNDECLARED_SELECTOR = YES;
				GCC_WARN_UNINITIALIZED_AUTOS = YES_AGGRESSIVE;
				GCC_WARN_UNUSED_FUNCTION = YES;
				GCC_WARN_UNUSED_VARIABLE = YES;
				IPHONEOS_DEPLOYMENT_TARGET = 16.0;
				MTL_ENABLE_DEBUG_INFO = INCLUDE_SOURCE;
				MTL_FAST_MATH = YES;
				ONLY_ACTIVE_ARCH = YES;
				SDKROOT = iphoneos;
			};
			name = Debug;
		};
		2A16CAB128D88BB8005EC47F /* Release */ = {
			isa = XCBuildConfiguration;
			buildSettings = {
				ALWAYS_SEARCH_USER_PATHS = NO;
				CLANG_ANALYZER_NONNULL = YES;
				CLANG_ANALYZER_NUMBER_OBJECT_CONVERSION = YES_AGGRESSIVE;
				CLANG_CXX_LANGUAGE_STANDARD = "gnu++20";
				CLANG_ENABLE_MODULES = YES;
				CLANG_ENABLE_OBJC_ARC = YES;
				CLANG_ENABLE_OBJC_WEAK = YES;
				CLANG_WARN_BLOCK_CAPTURE_AUTORELEASING = YES;
				CLANG_WARN_BOOL_CONVERSION = YES;
				CLANG_WARN_COMMA = YES;
				CLANG_WARN_CONSTANT_CONVERSION = YES;
				CLANG_WARN_DEPRECATED_OBJC_IMPLEMENTATIONS = YES;
				CLANG_WARN_DIRECT_OBJC_ISA_USAGE = YES_ERROR;
				CLANG_WARN_DOCUMENTATION_COMMENTS = YES;
				CLANG_WARN_EMPTY_BODY = YES;
				CLANG_WARN_ENUM_CONVERSION = YES;
				CLANG_WARN_INFINITE_RECURSION = YES;
				CLANG_WARN_INT_CONVERSION = YES;
				CLANG_WARN_NON_LITERAL_NULL_CONVERSION = YES;
				CLANG_WARN_OBJC_IMPLICIT_RETAIN_SELF = YES;
				CLANG_WARN_OBJC_LITERAL_CONVERSION = YES;
				CLANG_WARN_OBJC_ROOT_CLASS = YES_ERROR;
				CLANG_WARN_QUOTED_INCLUDE_IN_FRAMEWORK_HEADER = YES;
				CLANG_WARN_RANGE_LOOP_ANALYSIS = YES;
				CLANG_WARN_STRICT_PROTOTYPES = YES;
				CLANG_WARN_SUSPICIOUS_MOVE = YES;
				CLANG_WARN_UNGUARDED_AVAILABILITY = YES_AGGRESSIVE;
				CLANG_WARN_UNREACHABLE_CODE = YES;
				CLANG_WARN__DUPLICATE_METHOD_MATCH = YES;
				COPY_PHASE_STRIP = NO;
				DEBUG_INFORMATION_FORMAT = "dwarf-with-dsym";
				ENABLE_NS_ASSERTIONS = NO;
				ENABLE_STRICT_OBJC_MSGSEND = YES;
				GCC_C_LANGUAGE_STANDARD = gnu11;
				GCC_NO_COMMON_BLOCKS = YES;
				GCC_WARN_64_TO_32_BIT_CONVERSION = YES;
				GCC_WARN_ABOUT_RETURN_TYPE = YES_ERROR;
				GCC_WARN_UNDECLARED_SELECTOR = YES;
				GCC_WARN_UNINITIALIZED_AUTOS = YES_AGGRESSIVE;
				GCC_WARN_UNUSED_FUNCTION = YES;
				GCC_WARN_UNUSED_VARIABLE = YES;
				IPHONEOS_DEPLOYMENT_TARGET = 16.0;
				MTL_ENABLE_DEBUG_INFO = NO;
				MTL_FAST_MATH = YES;
				SDKROOT = iphoneos;
				VALIDATE_PRODUCT = YES;
			};
			name = Release;
		};
		2A16CAB328D88BB8005EC47F /* Debug */ = {
			isa = XCBuildConfiguration;
			buildSettings = {
				ASSETCATALOG_COMPILER_APPICON_NAME = AppIcon;
				ASSETCATALOG_COMPILER_GLOBAL_ACCENT_COLOR_NAME = AccentColor;
				CODE_SIGN_STYLE = Automatic;
				CURRENT_PROJECT_VERSION = 1;
				GENERATE_INFOPLIST_FILE = YES;
				INFOPLIST_FILE = "iOS- KVC模式/Info.plist";
				INFOPLIST_KEY_UIApplicationSupportsIndirectInputEvents = YES;
				INFOPLIST_KEY_UILaunchStoryboardName = LaunchScreen;
				INFOPLIST_KEY_UIMainStoryboardFile = Main;
				INFOPLIST_KEY_UISupportedInterfaceOrientations_iPad = "UIInterfaceOrientationPortrait UIInterfaceOrientationPortraitUpsideDown UIInterfaceOrientationLandscapeLeft UIInterfaceOrientationLandscapeRight";
				INFOPLIST_KEY_UISupportedInterfaceOrientations_iPhone = "UIInterfaceOrientationPortrait UIInterfaceOrientationLandscapeLeft UIInterfaceOrientationLandscapeRight";
				LD_RUNPATH_SEARCH_PATHS = (
					"$(inherited)",
					"@executable_path/Frameworks",
				);
				MARKETING_VERSION = 1.0;
				PRODUCT_BUNDLE_IDENTIFIER = "-11111.iOS--KVC--";
				PRODUCT_NAME = "$(TARGET_NAME)";
				SWIFT_EMIT_LOC_STRINGS = YES;
				TARGETED_DEVICE_FAMILY = "1,2";
			};
			name = Debug;
		};
		2A16CAB428D88BB8005EC47F /* Release */ = {
			isa = XCBuildConfiguration;
			buildSettings = {
				ASSETCATALOG_COMPILER_APPICON_NAME = AppIcon;
				ASSETCATALOG_COMPILER_GLOBAL_ACCENT_COLOR_NAME = AccentColor;
				CODE_SIGN_STYLE = Automatic;
				CURRENT_PROJECT_VERSION = 1;
				GENERATE_INFOPLIST_FILE = YES;
				INFOPLIST_FILE = "iOS- KVC模式/Info.plist";
				INFOPLIST_KEY_UIApplicationSupportsIndirectInputEvents = YES;
				INFOPLIST_KEY_UILaunchStoryboardName = LaunchScreen;
				INFOPLIST_KEY_UIMainStoryboardFile = Main;
				INFOPLIST_KEY_UISupportedInterfaceOrientations_iPad = "UIInterfaceOrientationPortrait UIInterfaceOrientationPortraitUpsideDown UIInterfaceOrientationLandscapeLeft UIInterfaceOrientationLandscapeRight";
				INFOPLIST_KEY_UISupportedInterfaceOrientations_iPhone = "UIInterfaceOrientationPortrait UIInterfaceOrientationLandscapeLeft UIInterfaceOrientationLandscapeRight";
				LD_RUNPATH_SEARCH_PATHS = (
					"$(inherited)",
					"@executable_path/Frameworks",
				);
				MARKETING_VERSION = 1.0;
				PRODUCT_BUNDLE_IDENTIFIER = "-11111.iOS--KVC--";
				PRODUCT_NAME = "$(TARGET_NAME)";
				SWIFT_EMIT_LOC_STRINGS = YES;
				TARGETED_DEVICE_FAMILY = "1,2";
			};
			name = Release;
		};
		2A16CAB628D88BB8005EC47F /* Debug */ = {
			isa = XCBuildConfiguration;
			buildSettings = {
				BUNDLE_LOADER = "$(TEST_HOST)";
				CODE_SIGN_STYLE = Automatic;
				CURRENT_PROJECT_VERSION = 1;
				GENERATE_INFOPLIST_FILE = YES;
				IPHONEOS_DEPLOYMENT_TARGET = 16.0;
				MARKETING_VERSION = 1.0;
				PRODUCT_BUNDLE_IDENTIFIER = "-11111.iOS--KVC--Tests";
				PRODUCT_NAME = "$(TARGET_NAME)";
				SWIFT_EMIT_LOC_STRINGS = NO;
				TARGETED_DEVICE_FAMILY = "1,2";
				TEST_HOST = "$(BUILT_PRODUCTS_DIR)/iOS- KVC模式.app/$(BUNDLE_EXECUTABLE_FOLDER_PATH)/iOS- KVC模式";
			};
			name = Debug;
		};
		2A16CAB728D88BB8005EC47F /* Release */ = {
			isa = XCBuildConfiguration;
			buildSettings = {
				BUNDLE_LOADER = "$(TEST_HOST)";
				CODE_SIGN_STYLE = Automatic;
				CURRENT_PROJECT_VERSION = 1;
				GENERATE_INFOPLIST_FILE = YES;
				IPHONEOS_DEPLOYMENT_TARGET = 16.0;
				MARKETING_VERSION = 1.0;
				PRODUCT_BUNDLE_IDENTIFIER = "-11111.iOS--KVC--Tests";
				PRODUCT_NAME = "$(TARGET_NAME)";
				SWIFT_EMIT_LOC_STRINGS = NO;
				TARGETED_DEVICE_FAMILY = "1,2";
				TEST_HOST = "$(BUILT_PRODUCTS_DIR)/iOS- KVC模式.app/$(BUNDLE_EXECUTABLE_FOLDER_PATH)/iOS- KVC模式";
			};
			name = Release;
		};
		2A16CAB928D88BB8005EC47F /* Debug */ = {
			isa = XCBuildConfiguration;
			buildSettings = {
				CODE_SIGN_STYLE = Automatic;
				CURRENT_PROJECT_VERSION = 1;
				GENERATE_INFOPLIST_FILE = YES;
				MARKETING_VERSION = 1.0;
				PRODUCT_BUNDLE_IDENTIFIER = "-11111.iOS--KVC--UITests";
				PRODUCT_NAME = "$(TARGET_NAME)";
				SWIFT_EMIT_LOC_STRINGS = NO;
				TARGETED_DEVICE_FAMILY = "1,2";
				TEST_TARGET_NAME = "iOS- KVC模式";
			};
			name = Debug;
		};
		2A16CABA28D88BB8005EC47F /* Release */ = {
			isa = XCBuildConfiguration;
			buildSettings = {
				CODE_SIGN_STYLE = Automatic;
				CURRENT_PROJECT_VERSION = 1;
				GENERATE_INFOPLIST_FILE = YES;
				MARKETING_VERSION = 1.0;
				PRODUCT_BUNDLE_IDENTIFIER = "-11111.iOS--KVC--UITests";
				PRODUCT_NAME = "$(TARGET_NAME)";
				SWIFT_EMIT_LOC_STRINGS = NO;
				TARGETED_DEVICE_FAMILY = "1,2";
				TEST_TARGET_NAME = "iOS- KVC模式";
			};
			name = Release;
		};
/* End XCBuildConfiguration section */

/* Begin XCConfigurationList section */
		2A16CA7E28D88BB6005EC47F /* Build configuration list for PBXProject "iOS- KVC模式" */ = {
			isa = XCConfigurationList;
			buildConfigurations = (
				2A16CAB028D88BB8005EC47F /* Debug */,
				2A16CAB128D88BB8005EC47F /* Release */,
			);
			defaultConfigurationIsVisible = 0;
			defaultConfigurationName = Release;
		};
		2A16CAB228D88BB8005EC47F /* Build configuration list for PBXNativeTarget "iOS- KVC模式" */ = {
			isa = XCConfigurationList;
			buildConfigurations = (
				2A16CAB328D88BB8005EC47F /* Debug */,
				2A16CAB428D88BB8005EC47F /* Release */,
			);
			defaultConfigurationIsVisible = 0;
			defaultConfigurationName = Release;
		};
		2A16CAB528D88BB8005EC47F /* Build configuration list for PBXNativeTarget "iOS- KVC模式Tests" */ = {
			isa = XCConfigurationList;
			buildConfigurations = (
				2A16CAB628D88BB8005EC47F /* Debug */,
				2A16CAB728D88BB8005EC47F /* Release */,
			);
			defaultConfigurationIsVisible = 0;
			defaultConfigurationName = Release;
		};
		2A16CAB828D88BB8005EC47F /* Build configuration list for PBXNativeTarget "iOS- KVC模式UITests" */ = {
			isa = XCConfigurationList;
			buildConfigurations = (
				2A16CAB928D88BB8005EC47F /* Debug */,
				2A16CABA28D88BB8005EC47F /* Release */,
			);
			defaultConfigurationIsVisible = 0;
			defaultConfigurationName = Release;
		};
/* End XCConfigurationList section */
	};
	rootObject = 2A16CA7B28D88BB6005EC47F /* Project object */;
}
